
Microsoft Visual Studio Solution File, Format Version 12.00
# Visual Studio Version 16
VisualStudioVersion = 16.0.808.4
MinimumVisualStudioVersion = 10.0.40219.1
Project("{FAE04EC0-301F-11D3-BF4B-00C04F79EFBC}") = "AdventOfCode", "AdventOfCode.csproj", "{EB5C0ACF-D9B9-4C7E-B93B-E4A2B967ABD6}"
EndProject
Global
	GlobalSection(SolutionConfigurationPlatforms) = preSolution
		Debug|anycpu = Debug|anycpu
		Release|anycpu = Release|anycpu
	EndGlobalSection
	GlobalSection(ProjectConfigurationPlatforms) = postSolution
		{EB5C0ACF-D9B9-4C7E-B93B-E4A2B967ABD6}.Debug|anycpu.ActiveCfg = Debug|anycpu
		{EB5C0ACF-D9B9-4C7E-B93B-E4A2B967ABD6}.Debug|anycpu.Build.0 = Debug|anycpu
		{EB5C0ACF-D9B9-4C7E-B93B-E4A2B967ABD6}.Release|anycpu.ActiveCfg = Release|anycpu
		{EB5C0ACF-D9B9-4C7E-B93B-E4A2B967ABD6}.Release|anycpu.Build.0 = Release|anycpu
	EndGlobalSection
	GlobalSection(SolutionProperties) = preSolution
		HideSolutionNode = FALSE
	EndGlobalSection
	GlobalSection(ExtensibilityGlobals) = postSolution
		SolutionGuid = {9058E419-5C66-44E9-AAEA-1E178B3B46DB}
	EndGlobalSection
EndGlobal
